
Microsoft Visual Studio Solution File, Format Version 12.00
# Visual Studio 15
VisualStudioVersion = 15.0.28307.1000
MinimumVisualStudioVersion = 10.0.40219.1
Project("{9A19103F-16F7-4668-BE54-9A1E7A4F7556}") = "CQRSWithoutEventSourcing", "CQRSWithoutEventSourcing\CQRSWithoutEventSourcing.csproj", "{6266BFEC-7744-422A-8C85-3B8E1F594E04}"
EndProject
Project("{FAE04EC0-301F-11D3-BF4B-00C04F79EFBC}") = "CQRSWithEventSourcing", "CQRSWithEventSourcing\CQRSWithEventSourcing.csproj", "{6C4AD80A-2FDA-4EF5-9B80-E464E48C970A}"
EndProject
Global
	GlobalSection(SolutionConfigurationPlatforms) = preSolution
		Debug|Any CPU = Debug|Any CPU
		Release|Any CPU = Release|Any CPU
	EndGlobalSection
	GlobalSection(ProjectConfigurationPlatforms) = postSolution
		{6266BFEC-7744-422A-8C85-3B8E1F594E04}.Debug|Any CPU.ActiveCfg = Debug|Any CPU
		{6266BFEC-7744-422A-8C85-3B8E1F594E04}.Debug|Any CPU.Build.0 = Debug|Any CPU
		{6266BFEC-7744-422A-8C85-3B8E1F594E04}.Release|Any CPU.ActiveCfg = Release|Any CPU
		{6266BFEC-7744-422A-8C85-3B8E1F594E04}.Release|Any CPU.Build.0 = Release|Any CPU
		{6C4AD80A-2FDA-4EF5-9B80-E464E48C970A}.Debug|Any CPU.ActiveCfg = Debug|Any CPU
		{6C4AD80A-2FDA-4EF5-9B80-E464E48C970A}.Debug|Any CPU.Build.0 = Debug|Any CPU
		{6C4AD80A-2FDA-4EF5-9B80-E464E48C970A}.Release|Any CPU.ActiveCfg = Release|Any CPU
		{6C4AD80A-2FDA-4EF5-9B80-E464E48C970A}.Release|Any CPU.Build.0 = Release|Any CPU
	EndGlobalSection
	GlobalSection(SolutionProperties) = preSolution
		HideSolutionNode = FALSE
	EndGlobalSection
	GlobalSection(ExtensibilityGlobals) = postSolution
		SolutionGuid = {72EF6659-E86D-4C23-817E-351A0B666BE9}
	EndGlobalSection
EndGlobal
